
Microsoft Visual Studio Solution File, Format Version 12.00
# Visual Studio Version 16
VisualStudioVersion = 16.0.31410.357
MinimumVisualStudioVersion = 10.0.40219.1
Project("{FAE04EC0-301F-11D3-BF4B-00C04F79EFBC}") = "NodeNameSync", "src\Infocaster.UmbracoAwesome.NodeNameSync\NodeNameSync.csproj", "{0A63E725-4498-4224-9B2D-EDAA6126F344}"
EndProject
Global
	GlobalSection(SolutionConfigurationPlatforms) = preSolution
		Debug|Any CPU = Debug|Any CPU
		Release|Any CPU = Release|Any CPU
	EndGlobalSection
	GlobalSection(ProjectConfigurationPlatforms) = postSolution
		{0A63E725-4498-4224-9B2D-EDAA6126F344}.Debug|Any CPU.ActiveCfg = Debug|Any CPU
		{0A63E725-4498-4224-9B2D-EDAA6126F344}.Debug|Any CPU.Build.0 = Debug|Any CPU
		{0A63E725-4498-4224-9B2D-EDAA6126F344}.Release|Any CPU.ActiveCfg = Release|Any CPU
		{0A63E725-4498-4224-9B2D-EDAA6126F344}.Release|Any CPU.Build.0 = Release|Any CPU
	EndGlobalSection
	GlobalSection(SolutionProperties) = preSolution
		HideSolutionNode = FALSE
	EndGlobalSection
	GlobalSection(ExtensibilityGlobals) = postSolution
		SolutionGuid = {219E1D1E-7D17-4811-8D0C-25ADBF610893}
	EndGlobalSection
EndGlobal
